{
  "nodes": {
    "flake-parts": {
      "inputs": {
        "nixpkgs-lib": [
          "neovim-nightly-overlay",
          "nixpkgs"
        ]
      },
      "locked": {
        "lastModified": 1760948891,
        "narHash": "sha256-TmWcdiUUaWk8J4lpjzu4gCGxWY6/Ok7mOK4fIFfBuU4=",
        "owner": "hercules-ci",
        "repo": "flake-parts",
        "rev": "864599284fc7c0ba6357ed89ed5e2cd5040f0c04",
        "type": "github"
      },
      "original": {
        "owner": "hercules-ci",
        "repo": "flake-parts",
        "type": "github"
      }
    },
    "neovim-nightly-overlay": {
      "inputs": {
        "flake-parts": "flake-parts",
        "neovim-src": "neovim-src",
        "nixpkgs": [
          "nixpkgs"
        ]
      },
      "locked": {
        "lastModified": 1761516528,
        "narHash": "sha256-U5mhW7AGCq+qTlrjTkKuSQy7KS7DIZjNbMoy71qMhig=",
        "owner": "nix-community",
        "repo": "neovim-nightly-overlay",
        "rev": "1b8422bb0263444ed25922c4e4ca1708e4e8b0c0",
        "type": "github"
      },
      "original": {
        "owner": "nix-community",
        "repo": "neovim-nightly-overlay",
        "type": "github"
      }
    },
    "neovim-src": {
      "flake": false,
      "locked": {
        "lastModified": 1761434579,
        "narHash": "sha256-S+YmbP/bPETjKk6B/tlh+jwIH7K7iPoXyHLLwTqVOhk=",
        "owner": "neovim",
        "repo": "neovim",
        "rev": "a121ede1bfee2704c26159124f8f61f96c6aa136",
        "type": "github"
      },
      "original": {
        "owner": "neovim",
        "repo": "neovim",
        "type": "github"
      }
    },
    "nixCats": {
      "locked": {
        "lastModified": 1759730664,
        "narHash": "sha256-boRlBQ/c4CaHsK/z04QL6+t81mcar37Io94HBX2GflY=",
        "owner": "BirdeeHub",
        "repo": "nixCats-nvim",
        "rev": "77dffad8235eb77684fcb7599487c8e9f23d5b8f",
        "type": "github"
      },
      "original": {
        "owner": "BirdeeHub",
        "repo": "nixCats-nvim",
        "type": "github"
      }
    },
    "nixpkgs": {
      "locked": {
        "lastModified": 1761349956,
        "narHash": "sha256-tH3wHnOJms+U4k/rK2Nn1RfBrhffX92jLP/2VndSn0w=",
        "owner": "nixos",
        "repo": "nixpkgs",
        "rev": "02f2cb8e0feb4596d20cc52fda73ccee960e3538",
        "type": "github"
      },
      "original": {
        "owner": "nixos",
        "ref": "nixpkgs-unstable",
        "repo": "nixpkgs",
        "type": "github"
      }
    },
    "plugins-snacks-nvim": {
      "flake": false,
      "locked": {
        "lastModified": 1760424926,
        "narHash": "sha256-f608v5czF3J/vC38HPy2+zcDfo33LRjgoFoErfkk1AU=",
        "owner": "PandeCode",
        "repo": "snacks.nvim",
        "rev": "8c59fd736027cbdde37247bac883b11041ea5c16",
        "type": "github"
      },
      "original": {
        "owner": "PandeCode",
        "repo": "snacks.nvim",
        "type": "github"
      }
    },
    "plugins-vlime": {
      "flake": false,
      "locked": {
        "lastModified": 1747582404,
        "narHash": "sha256-tCqN80lgj11ggzGmuGF077oqL5ByjUp6jVmRUTrIWJA=",
        "owner": "vlime",
        "repo": "vlime",
        "rev": "e276e9a6f37d2699a3caa63be19314f5a19a1481",
        "type": "github"
      },
      "original": {
        "owner": "vlime",
        "repo": "vlime",
        "type": "github"
      }
    },
    "root": {
      "inputs": {
        "neovim-nightly-overlay": "neovim-nightly-overlay",
        "nixCats": "nixCats",
        "nixpkgs": "nixpkgs",
        "plugins-snacks-nvim": "plugins-snacks-nvim",
        "plugins-vlime": "plugins-vlime"
      }
    }
  },
  "root": "root",
  "version": 7
}
