{
  "nodes": {
    "flake-parts": {
      "inputs": {
        "nixpkgs-lib": [
          "neovim-nightly-overlay",
          "nixpkgs"
        ]
      },
      "locked": {
        "lastModified": 1765835352,
        "narHash": "sha256-XswHlK/Qtjasvhd1nOa1e8MgZ8GS//jBoTqWtrS1Giw=",
        "owner": "hercules-ci",
        "repo": "flake-parts",
        "rev": "a34fae9c08a15ad73f295041fec82323541400a9",
        "type": "github"
      },
      "original": {
        "owner": "hercules-ci",
        "repo": "flake-parts",
        "type": "github"
      }
    },
    "neovim-nightly-overlay": {
      "inputs": {
        "flake-parts": "flake-parts",
        "neovim-src": "neovim-src",
        "nixpkgs": [
          "nixpkgs"
        ]
      },
      "locked": {
        "lastModified": 1766966701,
        "narHash": "sha256-3AGsMM+RuiIBcnB0I02YyZ5AMMBPYPsNZYU48Yjyntk=",
        "owner": "nix-community",
        "repo": "neovim-nightly-overlay",
        "rev": "c2a582cef5ccd506e2fae438c7506238d38ced30",
        "type": "github"
      },
      "original": {
        "owner": "nix-community",
        "repo": "neovim-nightly-overlay",
        "type": "github"
      }
    },
    "neovim-src": {
      "flake": false,
      "locked": {
        "lastModified": 1766966205,
        "narHash": "sha256-0QP+beaZydoVTJT8gKVInyKX4yMPWfvS2feY9hulW5E=",
        "owner": "neovim",
        "repo": "neovim",
        "rev": "e916f0327728c78945e6353eeeeb88749b077c0b",
        "type": "github"
      },
      "original": {
        "owner": "neovim",
        "repo": "neovim",
        "type": "github"
      }
    },
    "nixCats": {
      "locked": {
        "lastModified": 1765766809,
        "narHash": "sha256-3Xp41+Sb1zIzASa1Uu1k1RMUoJ9CGyYb0GtvvpRPBqg=",
        "owner": "BirdeeHub",
        "repo": "nixCats-nvim",
        "rev": "fe157e3ed69ed14b55ca81f597eac282caed58a2",
        "type": "github"
      },
      "original": {
        "owner": "BirdeeHub",
        "repo": "nixCats-nvim",
        "type": "github"
      }
    },
    "nixpkgs": {
      "locked": {
        "lastModified": 1766870016,
        "narHash": "sha256-fHmxAesa6XNqnIkcS6+nIHuEmgd/iZSP/VXxweiEuQw=",
        "owner": "nixos",
        "repo": "nixpkgs",
        "rev": "5c2bc52fb9f8c264ed6c93bd20afa2ff5e763dce",
        "type": "github"
      },
      "original": {
        "owner": "nixos",
        "ref": "nixpkgs-unstable",
        "repo": "nixpkgs",
        "type": "github"
      }
    },
    "plugins-snacks-nvim": {
      "flake": false,
      "locked": {
        "lastModified": 1760424926,
        "narHash": "sha256-f608v5czF3J/vC38HPy2+zcDfo33LRjgoFoErfkk1AU=",
        "owner": "PandeCode",
        "repo": "snacks.nvim",
        "rev": "8c59fd736027cbdde37247bac883b11041ea5c16",
        "type": "github"
      },
      "original": {
        "owner": "PandeCode",
        "repo": "snacks.nvim",
        "type": "github"
      }
    },
    "plugins-vlime": {
      "flake": false,
      "locked": {
        "lastModified": 1747582404,
        "narHash": "sha256-tCqN80lgj11ggzGmuGF077oqL5ByjUp6jVmRUTrIWJA=",
        "owner": "vlime",
        "repo": "vlime",
        "rev": "e276e9a6f37d2699a3caa63be19314f5a19a1481",
        "type": "github"
      },
      "original": {
        "owner": "vlime",
        "repo": "vlime",
        "type": "github"
      }
    },
    "root": {
      "inputs": {
        "neovim-nightly-overlay": "neovim-nightly-overlay",
        "nixCats": "nixCats",
        "nixpkgs": "nixpkgs",
        "plugins-snacks-nvim": "plugins-snacks-nvim",
        "plugins-vlime": "plugins-vlime"
      }
    }
  },
  "root": "root",
  "version": 7
}
